{
	"name": "@kibalabs/everypage-console",
	"version": "0.3.25",
	"lockfileVersion": 1,
	"requires": true,
	"dependencies": {
		"@kibalabs/core-react": {
			"version": "0.3.9",
			"resolved": "https://registry.npmjs.org/@kibalabs/core-react/-/core-react-0.3.9.tgz",
			"integrity": "sha512-Hj7691ApeF4Z//MldoYCEAw1Bcsi10Yc5hB6DLdz1NqVyEOycawVwyKthBu7xwJXXFPEXb1c2b41oGaMR5Z2FQ==",
			"requires": {
				"@kibalabs/core": "^0.3.10",
				"@reach/router": "^1.3.3"
			},
			"dependencies": {
				"@kibalabs/core": {
					"version": "0.3.10",
					"resolved": "https://registry.npmjs.org/@kibalabs/core/-/core-0.3.10.tgz",
					"integrity": "sha512-I/V8xt2Zj5XWr4SEamjgMLj4coOFNof08nk5ITFTq58hmVBIZ0PypReWiRgPV2ej26tEogBK47GQojOpnQeM5Q==",
					"requires": {
						"deepmerge": "^4.2.2",
						"moment": "^2.27.0"
					}
				},
				"@reach/router": {
					"version": "1.3.4",
					"resolved": "https://registry.npmjs.org/@reach/router/-/router-1.3.4.tgz",
					"integrity": "sha512-+mtn9wjlB9NN2CNnnC/BRYtwdKBfSyyasPYraNAyvaV1occr/5NnB4CVzjEZipNHwYebQwcndGUmpFzxAUoqSA==",
					"requires": {
						"create-react-context": "0.3.0",
						"invariant": "^2.2.3",
						"prop-types": "^15.6.1",
						"react-lifecycles-compat": "^3.0.4"
					}
				},
				"create-react-context": {
					"version": "0.3.0",
					"resolved": "https://registry.npmjs.org/create-react-context/-/create-react-context-0.3.0.tgz",
					"integrity": "sha512-dNldIoSuNSvlTJ7slIKC/ZFGKexBMBrrcc+TTe1NdmROnaASuLPvqpwj9v4XS4uXZ8+YPu0sNmShX2rXI5LNsw==",
					"requires": {
						"gud": "^1.0.0",
						"warning": "^4.0.3"
					}
				},
				"deepmerge": {
					"version": "4.2.2",
					"resolved": "https://registry.npmjs.org/deepmerge/-/deepmerge-4.2.2.tgz",
					"integrity": "sha512-FJ3UgI4gIl+PHZm53knsuSFpE+nESMr7M4v9QcgB7S63Kj/6WqMiFQJpBBYz1Pt+66bZpP3Q7Lye0Oo9MPKEdg=="
				},
				"gud": {
					"version": "1.0.0",
					"resolved": "https://registry.npmjs.org/gud/-/gud-1.0.0.tgz",
					"integrity": "sha512-zGEOVKFM5sVPPrYs7J5/hYEw2Pof8KCyOwyhG8sAF26mCAeUFAcYPu1mwB7hhpIP29zOIBaDqwuHdLp0jvZXjw=="
				},
				"invariant": {
					"version": "2.2.4",
					"resolved": "https://registry.npmjs.org/invariant/-/invariant-2.2.4.tgz",
					"integrity": "sha512-phJfQVBuaJM5raOpJjSfkiD6BpbCE4Ns//LaXl6wGYtUBY83nWS6Rf9tXm2e8VaK60JEjYldbPif/A2B1C2gNA==",
					"requires": {
						"loose-envify": "^1.0.0"
					}
				},
				"js-tokens": {
					"version": "4.0.0",
					"resolved": "https://registry.npmjs.org/js-tokens/-/js-tokens-4.0.0.tgz",
					"integrity": "sha512-RdJUflcE3cUzKiMqQgsCu06FPu9UdIJO0beYbPhHN4k6apgJtifcoCtT9bcxOpYBtpD2kCM6Sbzg4CausW/PKQ=="
				},
				"loose-envify": {
					"version": "1.4.0",
					"resolved": "https://registry.npmjs.org/loose-envify/-/loose-envify-1.4.0.tgz",
					"integrity": "sha512-lyuxPGr/Wfhrlem2CL/UcnUc1zcqKAImBDzukY7Y5F/yQiNdko6+fRLevlw1HgMySw7f611UIY408EtxRSoK3Q==",
					"requires": {
						"js-tokens": "^3.0.0 || ^4.0.0"
					}
				},
				"moment": {
					"version": "2.27.0",
					"resolved": "https://registry.npmjs.org/moment/-/moment-2.27.0.tgz",
					"integrity": "sha512-al0MUK7cpIcglMv3YF13qSgdAIqxHTO7brRtaz3DlSULbqfazqkc5kEjNrLDOM7fsjshoFIihnU8snrP7zUvhQ=="
				},
				"object-assign": {
					"version": "4.1.1",
					"resolved": "https://registry.npmjs.org/object-assign/-/object-assign-4.1.1.tgz",
					"integrity": "sha1-IQmtx5ZYh8/AXLvUQsrIv7s2CGM="
				},
				"prop-types": {
					"version": "15.7.2",
					"resolved": "https://registry.npmjs.org/prop-types/-/prop-types-15.7.2.tgz",
					"integrity": "sha512-8QQikdH7//R2vurIJSutZ1smHYTcLpRWEOlHnzcWHmBYrOGUysKwSsrC89BCiFj3CbrfJ/nXFdJepOVrY1GCHQ==",
					"requires": {
						"loose-envify": "^1.4.0",
						"object-assign": "^4.1.1",
						"react-is": "^16.8.1"
					}
				},
				"react-is": {
					"version": "16.13.1",
					"resolved": "https://registry.npmjs.org/react-is/-/react-is-16.13.1.tgz",
					"integrity": "sha512-24e6ynE2H+OKt4kqsOvNd8kBpV65zoxbA4BVsEOB3ARVWQki/DHzaUoC5KuON/BiccDaCCTZBuOcfZs70kR8bQ=="
				},
				"react-lifecycles-compat": {
					"version": "3.0.4",
					"resolved": "https://registry.npmjs.org/react-lifecycles-compat/-/react-lifecycles-compat-3.0.4.tgz",
					"integrity": "sha512-fBASbA6LnOU9dOU2eW7aQ8xmYBSXUIWr+UmF9b1efZBazGNO+rcXT/icdKnYm2pTwcRylVUYwW7H1PHfLekVzA=="
				},
				"warning": {
					"version": "4.0.3",
					"resolved": "https://registry.npmjs.org/warning/-/warning-4.0.3.tgz",
					"integrity": "sha512-rpJyN222KWIvHJ/F53XSZv0Zl/accqHR8et1kpaMTD/fLCRxtV8iX8czMzY7sVZupTI3zcUTg8eycS2kNF9l6w==",
					"requires": {
						"loose-envify": "^1.0.0"
					}
				}
			}
		}
	}
}
